
Microsoft Visual Studio Solution File, Format Version 12.00
# Visual Studio Version 17
VisualStudioVersion = 17.11.35327.3
MinimumVisualStudioVersion = 10.0.40219.1
Project("{9A19103F-16F7-4668-BE54-9A1E7A4F7556}") = "AOC2024", "AOC2024\AOC2024.csproj", "{DAC77A7D-E87A-48F6-A184-1D9C724E299B}"
EndProject
Project("{9A19103F-16F7-4668-BE54-9A1E7A4F7556}") = "TestProject", "TestProject1\TestProject.csproj", "{2531504B-0EB5-4E28-8A28-059F98491FC7}"
EndProject
Global
	GlobalSection(SolutionConfigurationPlatforms) = preSolution
		Debug|Any CPU = Debug|Any CPU
		Release|Any CPU = Release|Any CPU
	EndGlobalSection
	GlobalSection(ProjectConfigurationPlatforms) = postSolution
		{DAC77A7D-E87A-48F6-A184-1D9C724E299B}.Debug|Any CPU.ActiveCfg = Debug|Any CPU
		{DAC77A7D-E87A-48F6-A184-1D9C724E299B}.Debug|Any CPU.Build.0 = Debug|Any CPU
		{DAC77A7D-E87A-48F6-A184-1D9C724E299B}.Release|Any CPU.ActiveCfg = Release|Any CPU
		{DAC77A7D-E87A-48F6-A184-1D9C724E299B}.Release|Any CPU.Build.0 = Release|Any CPU
		{2531504B-0EB5-4E28-8A28-059F98491FC7}.Debug|Any CPU.ActiveCfg = Debug|Any CPU
		{2531504B-0EB5-4E28-8A28-059F98491FC7}.Debug|Any CPU.Build.0 = Debug|Any CPU
		{2531504B-0EB5-4E28-8A28-059F98491FC7}.Release|Any CPU.ActiveCfg = Release|Any CPU
		{2531504B-0EB5-4E28-8A28-059F98491FC7}.Release|Any CPU.Build.0 = Release|Any CPU
	EndGlobalSection
	GlobalSection(SolutionProperties) = preSolution
		HideSolutionNode = FALSE
	EndGlobalSection
	GlobalSection(ExtensibilityGlobals) = postSolution
		SolutionGuid = {03EE70FE-6907-4F99-B1F8-0CD981001E86}
	EndGlobalSection
EndGlobal
